
Microsoft Visual Studio Solution File, Format Version 12.00
# Visual Studio Version 17
VisualStudioVersion = 17.6.33829.357
MinimumVisualStudioVersion = 10.0.40219.1
Project("{888888A0-9F3D-457C-B088-3A5042F75D52}") = "T3_1_home_work", "T3_1_home_work.pyproj", "{4636F215-9019-4B8D-A258-3F20AA26365B}"
EndProject
Global
	GlobalSection(SolutionConfigurationPlatforms) = preSolution
		Debug|Any CPU = Debug|Any CPU
		Release|Any CPU = Release|Any CPU
	EndGlobalSection
	GlobalSection(ProjectConfigurationPlatforms) = postSolution
		{4636F215-9019-4B8D-A258-3F20AA26365B}.Debug|Any CPU.ActiveCfg = Debug|Any CPU
		{4636F215-9019-4B8D-A258-3F20AA26365B}.Release|Any CPU.ActiveCfg = Release|Any CPU
	EndGlobalSection
	GlobalSection(SolutionProperties) = preSolution
		HideSolutionNode = FALSE
	EndGlobalSection
	GlobalSection(ExtensibilityGlobals) = postSolution
		SolutionGuid = {576992DD-3343-4938-99EB-B71934CB488F}
	EndGlobalSection
EndGlobal
